
Microsoft Visual Studio Solution File, Format Version 12.00
# Visual Studio Version 17
VisualStudioVersion = 17.4.33205.214
MinimumVisualStudioVersion = 10.0.40219.1
Project("{FAE04EC0-301F-11D3-BF4B-00C04F79EFBC}") = "ImageEnrypt", "ImageEnrypt\ImageEnrypt.csproj", "{B7C82C6A-8216-4855-833A-B43DCD3FCF6A}"
EndProject
Project("{FAE04EC0-301F-11D3-BF4B-00C04F79EFBC}") = "CypherImage", "CypherImage\CypherImage.csproj", "{6046CDB4-6A9F-402D-B4E9-6E8043F8B75D}"
EndProject
Global
	GlobalSection(SolutionConfigurationPlatforms) = preSolution
		Debug|Any CPU = Debug|Any CPU
		Release|Any CPU = Release|Any CPU
	EndGlobalSection
	GlobalSection(ProjectConfigurationPlatforms) = postSolution
		{B7C82C6A-8216-4855-833A-B43DCD3FCF6A}.Debug|Any CPU.ActiveCfg = Debug|Any CPU
		{B7C82C6A-8216-4855-833A-B43DCD3FCF6A}.Debug|Any CPU.Build.0 = Debug|Any CPU
		{B7C82C6A-8216-4855-833A-B43DCD3FCF6A}.Release|Any CPU.ActiveCfg = Release|Any CPU
		{B7C82C6A-8216-4855-833A-B43DCD3FCF6A}.Release|Any CPU.Build.0 = Release|Any CPU
		{6046CDB4-6A9F-402D-B4E9-6E8043F8B75D}.Debug|Any CPU.ActiveCfg = Debug|Any CPU
		{6046CDB4-6A9F-402D-B4E9-6E8043F8B75D}.Debug|Any CPU.Build.0 = Debug|Any CPU
		{6046CDB4-6A9F-402D-B4E9-6E8043F8B75D}.Release|Any CPU.ActiveCfg = Release|Any CPU
		{6046CDB4-6A9F-402D-B4E9-6E8043F8B75D}.Release|Any CPU.Build.0 = Release|Any CPU
	EndGlobalSection
	GlobalSection(SolutionProperties) = preSolution
		HideSolutionNode = FALSE
	EndGlobalSection
	GlobalSection(ExtensibilityGlobals) = postSolution
		SolutionGuid = {390B4B62-B7E8-4934-AC76-825953C02FB8}
	EndGlobalSection
EndGlobal
